// !$*UTF8*$!
{
	archiveVersion = 1;
	classes = {
	};
	objectVersion = 55;
	objects = {

/* Begin PBXBuildFile section */
		4FED674F28CEF1D200ACBEA7 /* AppDelegate.swift in Sources */ = {isa = PBXBuildFile; fileRef = 4FED674E28CEF1D200ACBEA7 /* AppDelegate.swift */; };
		4FED675128CEF1D200ACBEA7 /* SceneDelegate.swift in Sources */ = {isa = PBXBuildFile; fileRef = 4FED675028CEF1D200ACBEA7 /* SceneDelegate.swift */; };
		4FED675328CEF1D200ACBEA7 /* ViewController.swift in Sources */ = {isa = PBXBuildFile; fileRef = 4FED675228CEF1D200ACBEA7 /* ViewController.swift */; };
		4FED675628CEF1D200ACBEA7 /* Main.storyboard in Resources */ = {isa = PBXBuildFile; fileRef = 4FED675428CEF1D200ACBEA7 /* Main.storyboard */; };
		4FED675828CEF1D400ACBEA7 /* Assets.xcassets in Resources */ = {isa = PBXBuildFile; fileRef = 4FED675728CEF1D400ACBEA7 /* Assets.xcassets */; };
		4FED675B28CEF1D400ACBEA7 /* LaunchScreen.storyboard in Resources */ = {isa = PBXBuildFile; fileRef = 4FED675928CEF1D400ACBEA7 /* LaunchScreen.storyboard */; };
		4FED676328CEF29400ACBEA7 /* GoogleService-Info.plist in Resources */ = {isa = PBXBuildFile; fileRef = 4FED676228CEF29400ACBEA7 /* GoogleService-Info.plist */; };
		A3267752E5F82086A6E6020D /* Pods_authGoogleFirebase.framework in Frameworks */ = {isa = PBXBuildFile; fileRef = 34152E4CED951D084B25AF58 /* Pods_authGoogleFirebase.framework */; };
/* End PBXBuildFile section */

/* Begin PBXFileReference section */
		34152E4CED951D084B25AF58 /* Pods_authGoogleFirebase.framework */ = {isa = PBXFileReference; explicitFileType = wrapper.framework; includeInIndex = 0; path = Pods_authGoogleFirebase.framework; sourceTree = BUILT_PRODUCTS_DIR; };
		4FED674B28CEF1D200ACBEA7 /* authGoogleFirebase.app */ = {isa = PBXFileReference; explicitFileType = wrapper.application; includeInIndex = 0; path = authGoogleFirebase.app; sourceTree = BUILT_PRODUCTS_DIR; };
		4FED674E28CEF1D200ACBEA7 /* AppDelegate.swift */ = {isa = PBXFileReference; lastKnownFileType = sourcecode.swift; path = AppDelegate.swift; sourceTree = "<group>"; };
		4FED675028CEF1D200ACBEA7 /* SceneDelegate.swift */ = {isa = PBXFileReference; lastKnownFileType = sourcecode.swift; path = SceneDelegate.swift; sourceTree = "<group>"; };
		4FED675228CEF1D200ACBEA7 /* ViewController.swift */ = {isa = PBXFileReference; lastKnownFileType = sourcecode.swift; path = ViewController.swift; sourceTree = "<group>"; };
		4FED675528CEF1D200ACBEA7 /* Base */ = {isa = PBXFileReference; lastKnownFileType = file.storyboard; name = Base; path = Base.lproj/Main.storyboard; sourceTree = "<group>"; };
		4FED675728CEF1D400ACBEA7 /* Assets.xcassets */ = {isa = PBXFileReference; lastKnownFileType = folder.assetcatalog; path = Assets.xcassets; sourceTree = "<group>"; };
		4FED675A28CEF1D400ACBEA7 /* Base */ = {isa = PBXFileReference; lastKnownFileType = file.storyboard; name = Base; path = Base.lproj/LaunchScreen.storyboard; sourceTree = "<group>"; };
		4FED675C28CEF1D400ACBEA7 /* Info.plist */ = {isa = PBXFileReference; lastKnownFileType = text.plist.xml; path = Info.plist; sourceTree = "<group>"; };
		4FED676228CEF29400ACBEA7 /* GoogleService-Info.plist */ = {isa = PBXFileReference; fileEncoding = 4; lastKnownFileType = text.plist.xml; path = "GoogleService-Info.plist"; sourceTree = "<group>"; };
		86169A8078CDEFDD241677C3 /* Pods-authGoogleFirebase.debug.xcconfig */ = {isa = PBXFileReference; includeInIndex = 1; lastKnownFileType = text.xcconfig; name = "Pods-authGoogleFirebase.debug.xcconfig"; path = "Target Support Files/Pods-authGoogleFirebase/Pods-authGoogleFirebase.debug.xcconfig"; sourceTree = "<group>"; };
		C2BE60CAFB5DC3E05598EA8B /* Pods-authGoogleFirebase.release.xcconfig */ = {isa = PBXFileReference; includeInIndex = 1; lastKnownFileType = text.xcconfig; name = "Pods-authGoogleFirebase.release.xcconfig"; path = "Target Support Files/Pods-authGoogleFirebase/Pods-authGoogleFirebase.release.xcconfig"; sourceTree = "<group>"; };
/* End PBXFileReference section */

/* Begin PBXFrameworksBuildPhase section */
		4FED674828CEF1D200ACBEA7 /* Frameworks */ = {
			isa = PBXFrameworksBuildPhase;
			buildActionMask = 2147483647;
			files = (
				A3267752E5F82086A6E6020D /* Pods_authGoogleFirebase.framework in Frameworks */,
			);
			runOnlyForDeploymentPostprocessing = 0;
		};
/* End PBXFrameworksBuildPhase section */

/* Begin PBXGroup section */
		23976A052EF44E17A9BC29D4 /* Pods */ = {
			isa = PBXGroup;
			children = (
				86169A8078CDEFDD241677C3 /* Pods-authGoogleFirebase.debug.xcconfig */,
				C2BE60CAFB5DC3E05598EA8B /* Pods-authGoogleFirebase.release.xcconfig */,
			);
			path = Pods;
			sourceTree = "<group>";
		};
		4FED674228CEF1D200ACBEA7 = {
			isa = PBXGroup;
			children = (
				4FED674D28CEF1D200ACBEA7 /* authGoogleFirebase */,
				4FED674C28CEF1D200ACBEA7 /* Products */,
				23976A052EF44E17A9BC29D4 /* Pods */,
				F69C782AED109D92F6A209CF /* Frameworks */,
			);
			sourceTree = "<group>";
		};
		4FED674C28CEF1D200ACBEA7 /* Products */ = {
			isa = PBXGroup;
			children = (
				4FED674B28CEF1D200ACBEA7 /* authGoogleFirebase.app */,
			);
			name = Products;
			sourceTree = "<group>";
		};
		4FED674D28CEF1D200ACBEA7 /* authGoogleFirebase */ = {
			isa = PBXGroup;
			children = (
				4FED674E28CEF1D200ACBEA7 /* AppDelegate.swift */,
				4FED675028CEF1D200ACBEA7 /* SceneDelegate.swift */,
				4FED675228CEF1D200ACBEA7 /* ViewController.swift */,
				4FED675428CEF1D200ACBEA7 /* Main.storyboard */,
				4FED675728CEF1D400ACBEA7 /* Assets.xcassets */,
				4FED675928CEF1D400ACBEA7 /* LaunchScreen.storyboard */,
				4FED675C28CEF1D400ACBEA7 /* Info.plist */,
				4FED676228CEF29400ACBEA7 /* GoogleService-Info.plist */,
			);
			path = authGoogleFirebase;
			sourceTree = "<group>";
		};
		F69C782AED109D92F6A209CF /* Frameworks */ = {
			isa = PBXGroup;
			children = (
				34152E4CED951D084B25AF58 /* Pods_authGoogleFirebase.framework */,
			);
			name = Frameworks;
			sourceTree = "<group>";
		};
/* End PBXGroup section */

/* Begin PBXNativeTarget section */
		4FED674A28CEF1D200ACBEA7 /* authGoogleFirebase */ = {
			isa = PBXNativeTarget;
			buildConfigurationList = 4FED675F28CEF1D400ACBEA7 /* Build configuration list for PBXNativeTarget "authGoogleFirebase" */;
			buildPhases = (
				B7388ECC17F7222E1183933F /* [CP] Check Pods Manifest.lock */,
				4FED674728CEF1D200ACBEA7 /* Sources */,
				4FED674828CEF1D200ACBEA7 /* Frameworks */,
				4FED674928CEF1D200ACBEA7 /* Resources */,
				D2E1C0090696349CB7B9C14A /* [CP] Embed Pods Frameworks */,
				0AE418980EA4D3A9DB24514A /* [CP] Copy Pods Resources */,
			);
			buildRules = (
			);
			dependencies = (
			);
			name = authGoogleFirebase;
			productName = authGoogleFirebase;
			productReference = 4FED674B28CEF1D200ACBEA7 /* authGoogleFirebase.app */;
			productType = "com.apple.product-type.application";
		};
/* End PBXNativeTarget section */

/* Begin PBXProject section */
		4FED674328CEF1D200ACBEA7 /* Project object */ = {
			isa = PBXProject;
			attributes = {
				BuildIndependentTargetsInParallel = 1;
				LastSwiftUpdateCheck = 1340;
				LastUpgradeCheck = 1340;
				TargetAttributes = {
					4FED674A28CEF1D200ACBEA7 = {
						CreatedOnToolsVersion = 13.4.1;
					};
				};
			};
			buildConfigurationList = 4FED674628CEF1D200ACBEA7 /* Build configuration list for PBXProject "authGoogleFirebase" */;
			compatibilityVersion = "Xcode 13.0";
			developmentRegion = en;
			hasScannedForEncodings = 0;
			knownRegions = (
				en,
				Base,
			);
			mainGroup = 4FED674228CEF1D200ACBEA7;
			productRefGroup = 4FED674C28CEF1D200ACBEA7 /* Products */;
			projectDirPath = "";
			projectRoot = "";
			targets = (
				4FED674A28CEF1D200ACBEA7 /* authGoogleFirebase */,
			);
		};
/* End PBXProject section */

/* Begin PBXResourcesBuildPhase section */
		4FED674928CEF1D200ACBEA7 /* Resources */ = {
			isa = PBXResourcesBuildPhase;
			buildActionMask = 2147483647;
			files = (
				4FED675B28CEF1D400ACBEA7 /* LaunchScreen.storyboard in Resources */,
				4FED676328CEF29400ACBEA7 /* GoogleService-Info.plist in Resources */,
				4FED675828CEF1D400ACBEA7 /* Assets.xcassets in Resources */,
				4FED675628CEF1D200ACBEA7 /* Main.storyboard in Resources */,
			);
			runOnlyForDeploymentPostprocessing = 0;
		};
/* End PBXResourcesBuildPhase section */

/* Begin PBXShellScriptBuildPhase section */
		0AE418980EA4D3A9DB24514A /* [CP] Copy Pods Resources */ = {
			isa = PBXShellScriptBuildPhase;
			buildActionMask = 2147483647;
			files = (
			);
			inputFileListPaths = (
				"${PODS_ROOT}/Target Support Files/Pods-authGoogleFirebase/Pods-authGoogleFirebase-resources-${CONFIGURATION}-input-files.xcfilelist",
			);
			name = "[CP] Copy Pods Resources";
			outputFileListPaths = (
				"${PODS_ROOT}/Target Support Files/Pods-authGoogleFirebase/Pods-authGoogleFirebase-resources-${CONFIGURATION}-output-files.xcfilelist",
			);
			runOnlyForDeploymentPostprocessing = 0;
			shellPath = /bin/sh;
			shellScript = "\"${PODS_ROOT}/Target Support Files/Pods-authGoogleFirebase/Pods-authGoogleFirebase-resources.sh\"\n";
			showEnvVarsInLog = 0;
		};
		B7388ECC17F7222E1183933F /* [CP] Check Pods Manifest.lock */ = {
			isa = PBXShellScriptBuildPhase;
			buildActionMask = 2147483647;
			files = (
			);
			inputFileListPaths = (
			);
			inputPaths = (
				"${PODS_PODFILE_DIR_PATH}/Podfile.lock",
				"${PODS_ROOT}/Manifest.lock",
			);
			name = "[CP] Check Pods Manifest.lock";
			outputFileListPaths = (
			);
			outputPaths = (
				"$(DERIVED_FILE_DIR)/Pods-authGoogleFirebase-checkManifestLockResult.txt",
			);
			runOnlyForDeploymentPostprocessing = 0;
			shellPath = /bin/sh;
			shellScript = "diff \"${PODS_PODFILE_DIR_PATH}/Podfile.lock\" \"${PODS_ROOT}/Manifest.lock\" > /dev/null\nif [ $? != 0 ] ; then\n    # print error to STDERR\n    echo \"error: The sandbox is not in sync with the Podfile.lock. Run 'pod install' or update your CocoaPods installation.\" >&2\n    exit 1\nfi\n# This output is used by Xcode 'outputs' to avoid re-running this script phase.\necho \"SUCCESS\" > \"${SCRIPT_OUTPUT_FILE_0}\"\n";
			showEnvVarsInLog = 0;
		};
		D2E1C0090696349CB7B9C14A /* [CP] Embed Pods Frameworks */ = {
			isa = PBXShellScriptBuildPhase;
			buildActionMask = 2147483647;
			files = (
			);
			inputFileListPaths = (
				"${PODS_ROOT}/Target Support Files/Pods-authGoogleFirebase/Pods-authGoogleFirebase-frameworks-${CONFIGURATION}-input-files.xcfilelist",
			);
			name = "[CP] Embed Pods Frameworks";
			outputFileListPaths = (
				"${PODS_ROOT}/Target Support Files/Pods-authGoogleFirebase/Pods-authGoogleFirebase-frameworks-${CONFIGURATION}-output-files.xcfilelist",
			);
			runOnlyForDeploymentPostprocessing = 0;
			shellPath = /bin/sh;
			shellScript = "\"${PODS_ROOT}/Target Support Files/Pods-authGoogleFirebase/Pods-authGoogleFirebase-frameworks.sh\"\n";
			showEnvVarsInLog = 0;
		};
/* End PBXShellScriptBuildPhase section */

/* Begin PBXSourcesBuildPhase section */
		4FED674728CEF1D200ACBEA7 /* Sources */ = {
			isa = PBXSourcesBuildPhase;
			buildActionMask = 2147483647;
			files = (
				4FED675328CEF1D200ACBEA7 /* ViewController.swift in Sources */,
				4FED674F28CEF1D200ACBEA7 /* AppDelegate.swift in Sources */,
				4FED675128CEF1D200ACBEA7 /* SceneDelegate.swift in Sources */,
			);
			runOnlyForDeploymentPostprocessing = 0;
		};
/* End PBXSourcesBuildPhase section */

/* Begin PBXVariantGroup section */
		4FED675428CEF1D200ACBEA7 /* Main.storyboard */ = {
			isa = PBXVariantGroup;
			children = (
				4FED675528CEF1D200ACBEA7 /* Base */,
			);
			name = Main.storyboard;
			sourceTree = "<group>";
		};
		4FED675928CEF1D400ACBEA7 /* LaunchScreen.storyboard */ = {
			isa = PBXVariantGroup;
			children = (
				4FED675A28CEF1D400ACBEA7 /* Base */,
			);
			name = LaunchScreen.storyboard;
			sourceTree = "<group>";
		};
/* End PBXVariantGroup section */

/* Begin XCBuildConfiguration section */
		4FED675D28CEF1D400ACBEA7 /* Debug */ = {
			isa = XCBuildConfiguration;
			buildSettings = {
				ALWAYS_SEARCH_USER_PATHS = NO;
				CLANG_ANALYZER_NONNULL = YES;
				CLANG_ANALYZER_NUMBER_OBJECT_CONVERSION = YES_AGGRESSIVE;
				CLANG_CXX_LANGUAGE_STANDARD = "gnu++17";
				CLANG_ENABLE_MODULES = YES;
				CLANG_ENABLE_OBJC_ARC = YES;
				CLANG_ENABLE_OBJC_WEAK = YES;
				CLANG_WARN_BLOCK_CAPTURE_AUTORELEASING = YES;
				CLANG_WARN_BOOL_CONVERSION = YES;
				CLANG_WARN_COMMA = YES;
				CLANG_WARN_CONSTANT_CONVERSION = YES;
				CLANG_WARN_DEPRECATED_OBJC_IMPLEMENTATIONS = YES;
				CLANG_WARN_DIRECT_OBJC_ISA_USAGE = YES_ERROR;
				CLANG_WARN_DOCUMENTATION_COMMENTS = YES;
				CLANG_WARN_EMPTY_BODY = YES;
				CLANG_WARN_ENUM_CONVERSION = YES;
				CLANG_WARN_INFINITE_RECURSION = YES;
				CLANG_WARN_INT_CONVERSION = YES;
				CLANG_WARN_NON_LITERAL_NULL_CONVERSION = YES;
				CLANG_WARN_OBJC_IMPLICIT_RETAIN_SELF = YES;
				CLANG_WARN_OBJC_LITERAL_CONVERSION = YES;
				CLANG_WARN_OBJC_ROOT_CLASS = YES_ERROR;
				CLANG_WARN_QUOTED_INCLUDE_IN_FRAMEWORK_HEADER = YES;
				CLANG_WARN_RANGE_LOOP_ANALYSIS = YES;
				CLANG_WARN_STRICT_PROTOTYPES = YES;
				CLANG_WARN_SUSPICIOUS_MOVE = YES;
				CLANG_WARN_UNGUARDED_AVAILABILITY = YES_AGGRESSIVE;
				CLANG_WARN_UNREACHABLE_CODE = YES;
				CLANG_WARN__DUPLICATE_METHOD_MATCH = YES;
				COPY_PHASE_STRIP = NO;
				DEBUG_INFORMATION_FORMAT = dwarf;
				ENABLE_STRICT_OBJC_MSGSEND = YES;
				ENABLE_TESTABILITY = YES;
				GCC_C_LANGUAGE_STANDARD = gnu11;
				GCC_DYNAMIC_NO_PIC = NO;
				GCC_NO_COMMON_BLOCKS = YES;
				GCC_OPTIMIZATION_LEVEL = 0;
				GCC_PREPROCESSOR_DEFINITIONS = (
					"DEBUG=1",
					"$(inherited)",
				);
				GCC_WARN_64_TO_32_BIT_CONVERSION = YES;
				GCC_WARN_ABOUT_RETURN_TYPE = YES_ERROR;
				GCC_WARN_UNDECLARED_SELECTOR = YES;
				GCC_WARN_UNINITIALIZED_AUTOS = YES_AGGRESSIVE;
				GCC_WARN_UNUSED_FUNCTION = YES;
				GCC_WARN_UNUSED_VARIABLE = YES;
				IPHONEOS_DEPLOYMENT_TARGET = 15.5;
				MTL_ENABLE_DEBUG_INFO = INCLUDE_SOURCE;
				MTL_FAST_MATH = YES;
				ONLY_ACTIVE_ARCH = YES;
				SDKROOT = iphoneos;
				SWIFT_ACTIVE_COMPILATION_CONDITIONS = DEBUG;
				SWIFT_OPTIMIZATION_LEVEL = "-Onone";
			};
			name = Debug;
		};
		4FED675E28CEF1D400ACBEA7 /* Release */ = {
			isa = XCBuildConfiguration;
			buildSettings = {
				ALWAYS_SEARCH_USER_PATHS = NO;
				CLANG_ANALYZER_NONNULL = YES;
				CLANG_ANALYZER_NUMBER_OBJECT_CONVERSION = YES_AGGRESSIVE;
				CLANG_CXX_LANGUAGE_STANDARD = "gnu++17";
				CLANG_ENABLE_MODULES = YES;
				CLANG_ENABLE_OBJC_ARC = YES;
				CLANG_ENABLE_OBJC_WEAK = YES;
				CLANG_WARN_BLOCK_CAPTURE_AUTORELEASING = YES;
				CLANG_WARN_BOOL_CONVERSION = YES;
				CLANG_WARN_COMMA = YES;
				CLANG_WARN_CONSTANT_CONVERSION = YES;
				CLANG_WARN_DEPRECATED_OBJC_IMPLEMENTATIONS = YES;
				CLANG_WARN_DIRECT_OBJC_ISA_USAGE = YES_ERROR;
				CLANG_WARN_DOCUMENTATION_COMMENTS = YES;
				CLANG_WARN_EMPTY_BODY = YES;
				CLANG_WARN_ENUM_CONVERSION = YES;
				CLANG_WARN_INFINITE_RECURSION = YES;
				CLANG_WARN_INT_CONVERSION = YES;
				CLANG_WARN_NON_LITERAL_NULL_CONVERSION = YES;
				CLANG_WARN_OBJC_IMPLICIT_RETAIN_SELF = YES;
				CLANG_WARN_OBJC_LITERAL_CONVERSION = YES;
				CLANG_WARN_OBJC_ROOT_CLASS = YES_ERROR;
				CLANG_WARN_QUOTED_INCLUDE_IN_FRAMEWORK_HEADER = YES;
				CLANG_WARN_RANGE_LOOP_ANALYSIS = YES;
				CLANG_WARN_STRICT_PROTOTYPES = YES;
				CLANG_WARN_SUSPICIOUS_MOVE = YES;
				CLANG_WARN_UNGUARDED_AVAILABILITY = YES_AGGRESSIVE;
				CLANG_WARN_UNREACHABLE_CODE = YES;
				CLANG_WARN__DUPLICATE_METHOD_MATCH = YES;
				COPY_PHASE_STRIP = NO;
				DEBUG_INFORMATION_FORMAT = "dwarf-with-dsym";
				ENABLE_NS_ASSERTIONS = NO;
				ENABLE_STRICT_OBJC_MSGSEND = YES;
				GCC_C_LANGUAGE_STANDARD = gnu11;
				GCC_NO_COMMON_BLOCKS = YES;
				GCC_WARN_64_TO_32_BIT_CONVERSION = YES;
				GCC_WARN_ABOUT_RETURN_TYPE = YES_ERROR;
				GCC_WARN_UNDECLARED_SELECTOR = YES;
				GCC_WARN_UNINITIALIZED_AUTOS = YES_AGGRESSIVE;
				GCC_WARN_UNUSED_FUNCTION = YES;
				GCC_WARN_UNUSED_VARIABLE = YES;
				IPHONEOS_DEPLOYMENT_TARGET = 15.5;
				MTL_ENABLE_DEBUG_INFO = NO;
				MTL_FAST_MATH = YES;
				SDKROOT = iphoneos;
				SWIFT_COMPILATION_MODE = wholemodule;
				SWIFT_OPTIMIZATION_LEVEL = "-O";
				VALIDATE_PRODUCT = YES;
			};
			name = Release;
		};
		4FED676028CEF1D400ACBEA7 /* Debug */ = {
			isa = XCBuildConfiguration;
			baseConfigurationReference = 86169A8078CDEFDD241677C3 /* Pods-authGoogleFirebase.debug.xcconfig */;
			buildSettings = {
				ASSETCATALOG_COMPILER_APPICON_NAME = AppIcon;
				ASSETCATALOG_COMPILER_GLOBAL_ACCENT_COLOR_NAME = AccentColor;
				CODE_SIGN_STYLE = Automatic;
				CURRENT_PROJECT_VERSION = 1;
				GENERATE_INFOPLIST_FILE = YES;
				INFOPLIST_FILE = authGoogleFirebase/Info.plist;
				INFOPLIST_KEY_UIApplicationSupportsIndirectInputEvents = YES;
				INFOPLIST_KEY_UILaunchStoryboardName = LaunchScreen;
				INFOPLIST_KEY_UIMainStoryboardFile = Main;
				INFOPLIST_KEY_UISupportedInterfaceOrientations_iPad = "UIInterfaceOrientationPortrait UIInterfaceOrientationPortraitUpsideDown UIInterfaceOrientationLandscapeLeft UIInterfaceOrientationLandscapeRight";
				INFOPLIST_KEY_UISupportedInterfaceOrientations_iPhone = "UIInterfaceOrientationPortrait UIInterfaceOrientationLandscapeLeft UIInterfaceOrientationLandscapeRight";
				LD_RUNPATH_SEARCH_PATHS = (
					"$(inherited)",
					"@executable_path/Frameworks",
				);
				MARKETING_VERSION = 1.0;
				PRODUCT_BUNDLE_IDENTIFIER = elo.authGoogleFirebase;
				PRODUCT_NAME = "$(TARGET_NAME)";
				SWIFT_EMIT_LOC_STRINGS = YES;
				SWIFT_VERSION = 5.0;
				TARGETED_DEVICE_FAMILY = "1,2";
			};
			name = Debug;
		};
		4FED676128CEF1D400ACBEA7 /* Release */ = {
			isa = XCBuildConfiguration;
			baseConfigurationReference = C2BE60CAFB5DC3E05598EA8B /* Pods-authGoogleFirebase.release.xcconfig */;
			buildSettings = {
				ASSETCATALOG_COMPILER_APPICON_NAME = AppIcon;
				ASSETCATALOG_COMPILER_GLOBAL_ACCENT_COLOR_NAME = AccentColor;
				CODE_SIGN_STYLE = Automatic;
				CURRENT_PROJECT_VERSION = 1;
				GENERATE_INFOPLIST_FILE = YES;
				INFOPLIST_FILE = authGoogleFirebase/Info.plist;
				INFOPLIST_KEY_UIApplicationSupportsIndirectInputEvents = YES;
				INFOPLIST_KEY_UILaunchStoryboardName = LaunchScreen;
				INFOPLIST_KEY_UIMainStoryboardFile = Main;
				INFOPLIST_KEY_UISupportedInterfaceOrientations_iPad = "UIInterfaceOrientationPortrait UIInterfaceOrientationPortraitUpsideDown UIInterfaceOrientationLandscapeLeft UIInterfaceOrientationLandscapeRight";
				INFOPLIST_KEY_UISupportedInterfaceOrientations_iPhone = "UIInterfaceOrientationPortrait UIInterfaceOrientationLandscapeLeft UIInterfaceOrientationLandscapeRight";
				LD_RUNPATH_SEARCH_PATHS = (
					"$(inherited)",
					"@executable_path/Frameworks",
				);
				MARKETING_VERSION = 1.0;
				PRODUCT_BUNDLE_IDENTIFIER = elo.authGoogleFirebase;
				PRODUCT_NAME = "$(TARGET_NAME)";
				SWIFT_EMIT_LOC_STRINGS = YES;
				SWIFT_VERSION = 5.0;
				TARGETED_DEVICE_FAMILY = "1,2";
			};
			name = Release;
		};
/* End XCBuildConfiguration section */

/* Begin XCConfigurationList section */
		4FED674628CEF1D200ACBEA7 /* Build configuration list for PBXProject "authGoogleFirebase" */ = {
			isa = XCConfigurationList;
			buildConfigurations = (
				4FED675D28CEF1D400ACBEA7 /* Debug */,
				4FED675E28CEF1D400ACBEA7 /* Release */,
			);
			defaultConfigurationIsVisible = 0;
			defaultConfigurationName = Release;
		};
		4FED675F28CEF1D400ACBEA7 /* Build configuration list for PBXNativeTarget "authGoogleFirebase" */ = {
			isa = XCConfigurationList;
			buildConfigurations = (
				4FED676028CEF1D400ACBEA7 /* Debug */,
				4FED676128CEF1D400ACBEA7 /* Release */,
			);
			defaultConfigurationIsVisible = 0;
			defaultConfigurationName = Release;
		};
/* End XCConfigurationList section */
	};
	rootObject = 4FED674328CEF1D200ACBEA7 /* Project object */;
}
